// !$*UTF8*$!
{
	archiveVersion = 1;
	classes = {
	};
	objectVersion = 55;
	objects = {

/* Begin PBXBuildFile section */
		630AC04A29680F4A0054A049 /* ProductDetailsController.swift in Sources */ = {isa = PBXBuildFile; fileRef = 630AC04929680F4A0054A049 /* ProductDetailsController.swift */; };
		630AC04D29680FDA0054A049 /* DetailsImageCell.swift in Sources */ = {isa = PBXBuildFile; fileRef = 630AC04C29680FDA0054A049 /* DetailsImageCell.swift */; };
		630AC0512968110A0054A049 /* ProductDetailsView.swift in Sources */ = {isa = PBXBuildFile; fileRef = 630AC0502968110A0054A049 /* ProductDetailsView.swift */; };
		6314377E29695CE600676A47 /* DetailsBigStack.swift in Sources */ = {isa = PBXBuildFile; fileRef = 6314377D29695CE600676A47 /* DetailsBigStack.swift */; };
		632B06D62958294300907102 /* RoundButton.swift in Sources */ = {isa = PBXBuildFile; fileRef = 632B06D52958294300907102 /* RoundButton.swift */; };
		632B06D829584B3B00907102 /* RoundButtonLabel.swift in Sources */ = {isa = PBXBuildFile; fileRef = 632B06D729584B3A00907102 /* RoundButtonLabel.swift */; };
		632F2C3A29655EFF006C1B34 /* FilterTable.swift in Sources */ = {isa = PBXBuildFile; fileRef = 632F2C3929655EFF006C1B34 /* FilterTable.swift */; };
		632F2C3C29655F0F006C1B34 /* FilterTableViewCell.swift in Sources */ = {isa = PBXBuildFile; fileRef = 632F2C3B29655F0F006C1B34 /* FilterTableViewCell.swift */; };
		632F2C3E29655F53006C1B34 /* FilterHeader.swift in Sources */ = {isa = PBXBuildFile; fileRef = 632F2C3D29655F53006C1B34 /* FilterHeader.swift */; };
		63472FB5295D9DFF0010D33B /* Model.swift in Sources */ = {isa = PBXBuildFile; fileRef = 63472FB4295D9DFF0010D33B /* Model.swift */; };
		63472FB7295DA0EC0010D33B /* HotSalesCollectionCell.swift in Sources */ = {isa = PBXBuildFile; fileRef = 63472FB6295DA0EC0010D33B /* HotSalesCollectionCell.swift */; };
		63472FB9295DC31E0010D33B /* NetworkService.swift in Sources */ = {isa = PBXBuildFile; fileRef = 63472FB8295DC31E0010D33B /* NetworkService.swift */; };
		63476C692962EBAD0022841C /* BestSellerTableCell.swift in Sources */ = {isa = PBXBuildFile; fileRef = 63476C682962EBAD0022841C /* BestSellerTableCell.swift */; };
		634B4A7B295B153B00991EFE /* MarkPro-Bold.otf in Resources */ = {isa = PBXBuildFile; fileRef = 634B4A77295B153B00991EFE /* MarkPro-Bold.otf */; };
		634B4A7C295B153B00991EFE /* MarkPro-Heavy.otf in Resources */ = {isa = PBXBuildFile; fileRef = 634B4A78295B153B00991EFE /* MarkPro-Heavy.otf */; };
		634B4A7D295B153B00991EFE /* MarkPro-Medium.otf in Resources */ = {isa = PBXBuildFile; fileRef = 634B4A79295B153B00991EFE /* MarkPro-Medium.otf */; };
		634B4A7E295B153B00991EFE /* MarkPro-Regular.otf in Resources */ = {isa = PBXBuildFile; fileRef = 634B4A7A295B153B00991EFE /* MarkPro-Regular.otf */; };
		634C3297295306D400965231 /* AppDelegate.swift in Sources */ = {isa = PBXBuildFile; fileRef = 634C3296295306D400965231 /* AppDelegate.swift */; };
		634C3299295306D400965231 /* SceneDelegate.swift in Sources */ = {isa = PBXBuildFile; fileRef = 634C3298295306D400965231 /* SceneDelegate.swift */; };
		634C32A0295306D400965231 /* Assets.xcassets in Resources */ = {isa = PBXBuildFile; fileRef = 634C329F295306D400965231 /* Assets.xcassets */; };
		634C32A3295306D400965231 /* LaunchScreen.storyboard in Resources */ = {isa = PBXBuildFile; fileRef = 634C32A1295306D400965231 /* LaunchScreen.storyboard */; };
		63838EBD2955877A00EBB066 /* SelectCategoryView.swift in Sources */ = {isa = PBXBuildFile; fileRef = 63838EBC2955877A00EBB066 /* SelectCategoryView.swift */; };
		63838EBF29558A3200EBB066 /* UIViewExtension.swift in Sources */ = {isa = PBXBuildFile; fileRef = 63838EBE29558A3200EBB066 /* UIViewExtension.swift */; };
		6386CF842966BBD50081FA88 /* FavesViewController.swift in Sources */ = {isa = PBXBuildFile; fileRef = 6386CF832966BBD50081FA88 /* FavesViewController.swift */; };
		6386CF862966BBF10081FA88 /* DetailsController.swift in Sources */ = {isa = PBXBuildFile; fileRef = 6386CF852966BBF10081FA88 /* DetailsController.swift */; };
		6386CF8C2966CEAF0081FA88 /* BarView.swift in Sources */ = {isa = PBXBuildFile; fileRef = 6386CF8B2966CEAF0081FA88 /* BarView.swift */; };
		6387EB5B295C417F008CE72F /* HotSalesTableViewCell.swift in Sources */ = {isa = PBXBuildFile; fileRef = 6387EB5A295C417F008CE72F /* HotSalesTableViewCell.swift */; };
		63A44D4B296402F500709A65 /* BestSellerCollectionCell.swift in Sources */ = {isa = PBXBuildFile; fileRef = 63A44D4A296402F500709A65 /* BestSellerCollectionCell.swift */; };
		63DA0CA229532A2F0031824F /* Coordinator.swift in Sources */ = {isa = PBXBuildFile; fileRef = 63DA0CA129532A2F0031824F /* Coordinator.swift */; };
		63DA0CA929532D540031824F /* MainViewController.swift in Sources */ = {isa = PBXBuildFile; fileRef = 63DA0CA829532D540031824F /* MainViewController.swift */; };
		63DA0CAB29532DA90031824F /* MainCoordinator.swift in Sources */ = {isa = PBXBuildFile; fileRef = 63DA0CAA29532DA90031824F /* MainCoordinator.swift */; };
/* End PBXBuildFile section */

/* Begin PBXFileReference section */
		630AC04929680F4A0054A049 /* ProductDetailsController.swift */ = {isa = PBXFileReference; lastKnownFileType = sourcecode.swift; path = ProductDetailsController.swift; sourceTree = "<group>"; };
		630AC04C29680FDA0054A049 /* DetailsImageCell.swift */ = {isa = PBXFileReference; lastKnownFileType = sourcecode.swift; path = DetailsImageCell.swift; sourceTree = "<group>"; };
		630AC0502968110A0054A049 /* ProductDetailsView.swift */ = {isa = PBXFileReference; lastKnownFileType = sourcecode.swift; path = ProductDetailsView.swift; sourceTree = "<group>"; };
		6314377D29695CE600676A47 /* DetailsBigStack.swift */ = {isa = PBXFileReference; lastKnownFileType = sourcecode.swift; path = DetailsBigStack.swift; sourceTree = "<group>"; };
		632B06D52958294300907102 /* RoundButton.swift */ = {isa = PBXFileReference; lastKnownFileType = sourcecode.swift; path = RoundButton.swift; sourceTree = "<group>"; };
		632B06D729584B3A00907102 /* RoundButtonLabel.swift */ = {isa = PBXFileReference; lastKnownFileType = sourcecode.swift; path = RoundButtonLabel.swift; sourceTree = "<group>"; };
		632F2C3929655EFF006C1B34 /* FilterTable.swift */ = {isa = PBXFileReference; lastKnownFileType = sourcecode.swift; path = FilterTable.swift; sourceTree = "<group>"; };
		632F2C3B29655F0F006C1B34 /* FilterTableViewCell.swift */ = {isa = PBXFileReference; lastKnownFileType = sourcecode.swift; path = FilterTableViewCell.swift; sourceTree = "<group>"; };
		632F2C3D29655F53006C1B34 /* FilterHeader.swift */ = {isa = PBXFileReference; lastKnownFileType = sourcecode.swift; path = FilterHeader.swift; sourceTree = "<group>"; };
		63472FB4295D9DFF0010D33B /* Model.swift */ = {isa = PBXFileReference; lastKnownFileType = sourcecode.swift; path = Model.swift; sourceTree = "<group>"; };
		63472FB6295DA0EC0010D33B /* HotSalesCollectionCell.swift */ = {isa = PBXFileReference; lastKnownFileType = sourcecode.swift; path = HotSalesCollectionCell.swift; sourceTree = "<group>"; };
		63472FB8295DC31E0010D33B /* NetworkService.swift */ = {isa = PBXFileReference; lastKnownFileType = sourcecode.swift; path = NetworkService.swift; sourceTree = "<group>"; };
		63476C682962EBAD0022841C /* BestSellerTableCell.swift */ = {isa = PBXFileReference; lastKnownFileType = sourcecode.swift; path = BestSellerTableCell.swift; sourceTree = "<group>"; };
		634B4A77295B153B00991EFE /* MarkPro-Bold.otf */ = {isa = PBXFileReference; lastKnownFileType = file; path = "MarkPro-Bold.otf"; sourceTree = "<group>"; };
		634B4A78295B153B00991EFE /* MarkPro-Heavy.otf */ = {isa = PBXFileReference; lastKnownFileType = file; path = "MarkPro-Heavy.otf"; sourceTree = "<group>"; };
		634B4A79295B153B00991EFE /* MarkPro-Medium.otf */ = {isa = PBXFileReference; lastKnownFileType = file; path = "MarkPro-Medium.otf"; sourceTree = "<group>"; };
		634B4A7A295B153B00991EFE /* MarkPro-Regular.otf */ = {isa = PBXFileReference; lastKnownFileType = file; path = "MarkPro-Regular.otf"; sourceTree = "<group>"; };
		634C3293295306D400965231 /* demoShoppingApp.app */ = {isa = PBXFileReference; explicitFileType = wrapper.application; includeInIndex = 0; path = demoShoppingApp.app; sourceTree = BUILT_PRODUCTS_DIR; };
		634C3296295306D400965231 /* AppDelegate.swift */ = {isa = PBXFileReference; lastKnownFileType = sourcecode.swift; path = AppDelegate.swift; sourceTree = "<group>"; };
		634C3298295306D400965231 /* SceneDelegate.swift */ = {isa = PBXFileReference; lastKnownFileType = sourcecode.swift; path = SceneDelegate.swift; sourceTree = "<group>"; };
		634C329F295306D400965231 /* Assets.xcassets */ = {isa = PBXFileReference; lastKnownFileType = folder.assetcatalog; path = Assets.xcassets; sourceTree = "<group>"; };
		634C32A2295306D400965231 /* Base */ = {isa = PBXFileReference; lastKnownFileType = file.storyboard; name = Base; path = Base.lproj/LaunchScreen.storyboard; sourceTree = "<group>"; };
		634C32A4295306D400965231 /* Info.plist */ = {isa = PBXFileReference; lastKnownFileType = text.plist.xml; path = Info.plist; sourceTree = "<group>"; };
		63838EBC2955877A00EBB066 /* SelectCategoryView.swift */ = {isa = PBXFileReference; lastKnownFileType = sourcecode.swift; path = SelectCategoryView.swift; sourceTree = "<group>"; };
		63838EBE29558A3200EBB066 /* UIViewExtension.swift */ = {isa = PBXFileReference; lastKnownFileType = sourcecode.swift; path = UIViewExtension.swift; sourceTree = "<group>"; };
		6386CF832966BBD50081FA88 /* FavesViewController.swift */ = {isa = PBXFileReference; lastKnownFileType = sourcecode.swift; path = FavesViewController.swift; sourceTree = "<group>"; };
		6386CF852966BBF10081FA88 /* DetailsController.swift */ = {isa = PBXFileReference; lastKnownFileType = sourcecode.swift; path = DetailsController.swift; sourceTree = "<group>"; };
		6386CF8B2966CEAF0081FA88 /* BarView.swift */ = {isa = PBXFileReference; lastKnownFileType = sourcecode.swift; path = BarView.swift; sourceTree = "<group>"; };
		6387EB5A295C417F008CE72F /* HotSalesTableViewCell.swift */ = {isa = PBXFileReference; lastKnownFileType = sourcecode.swift; path = HotSalesTableViewCell.swift; sourceTree = "<group>"; };
		63A44D4A296402F500709A65 /* BestSellerCollectionCell.swift */ = {isa = PBXFileReference; lastKnownFileType = sourcecode.swift; path = BestSellerCollectionCell.swift; sourceTree = "<group>"; };
		63DA0CA129532A2F0031824F /* Coordinator.swift */ = {isa = PBXFileReference; lastKnownFileType = sourcecode.swift; path = Coordinator.swift; sourceTree = "<group>"; };
		63DA0CA829532D540031824F /* MainViewController.swift */ = {isa = PBXFileReference; lastKnownFileType = sourcecode.swift; path = MainViewController.swift; sourceTree = "<group>"; };
		63DA0CAA29532DA90031824F /* MainCoordinator.swift */ = {isa = PBXFileReference; lastKnownFileType = sourcecode.swift; path = MainCoordinator.swift; sourceTree = "<group>"; };
/* End PBXFileReference section */

/* Begin PBXFrameworksBuildPhase section */
		634C3290295306D400965231 /* Frameworks */ = {
			isa = PBXFrameworksBuildPhase;
			buildActionMask = 2147483647;
			files = (
			);
			runOnlyForDeploymentPostprocessing = 0;
		};
/* End PBXFrameworksBuildPhase section */

/* Begin PBXGroup section */
		630AC04829680A600054A049 /* MainScreenSubViews */ = {
			isa = PBXGroup;
			children = (
				63838EBC2955877A00EBB066 /* SelectCategoryView.swift */,
				63476C682962EBAD0022841C /* BestSellerTableCell.swift */,
				63A44D4A296402F500709A65 /* BestSellerCollectionCell.swift */,
				6387EB5A295C417F008CE72F /* HotSalesTableViewCell.swift */,
				6386CF8B2966CEAF0081FA88 /* BarView.swift */,
				63472FB6295DA0EC0010D33B /* HotSalesCollectionCell.swift */,
				632F2C3829655EDA006C1B34 /* Filter */,
			);
			path = MainScreenSubViews;
			sourceTree = "<group>";
		};
		630AC04B29680FA10054A049 /* ProductDetailsViews */ = {
			isa = PBXGroup;
			children = (
				630AC04C29680FDA0054A049 /* DetailsImageCell.swift */,
				630AC0502968110A0054A049 /* ProductDetailsView.swift */,
				6314377D29695CE600676A47 /* DetailsBigStack.swift */,
			);
			path = ProductDetailsViews;
			sourceTree = "<group>";
		};
		632F2C3829655EDA006C1B34 /* Filter */ = {
			isa = PBXGroup;
			children = (
				632F2C3929655EFF006C1B34 /* FilterTable.swift */,
				632F2C3B29655F0F006C1B34 /* FilterTableViewCell.swift */,
				632F2C3D29655F53006C1B34 /* FilterHeader.swift */,
			);
			path = Filter;
			sourceTree = "<group>";
		};
		63472FB3295D9DEF0010D33B /* Networking */ = {
			isa = PBXGroup;
			children = (
				63472FB4295D9DFF0010D33B /* Model.swift */,
				63472FB8295DC31E0010D33B /* NetworkService.swift */,
			);
			path = Networking;
			sourceTree = "<group>";
		};
		634B4A76295B153B00991EFE /* FF-Mark-Pro-Font-Family */ = {
			isa = PBXGroup;
			children = (
				634B4A77295B153B00991EFE /* MarkPro-Bold.otf */,
				634B4A78295B153B00991EFE /* MarkPro-Heavy.otf */,
				634B4A79295B153B00991EFE /* MarkPro-Medium.otf */,
				634B4A7A295B153B00991EFE /* MarkPro-Regular.otf */,
			);
			path = "FF-Mark-Pro-Font-Family";
			sourceTree = "<group>";
		};
		634C328A295306D400965231 = {
			isa = PBXGroup;
			children = (
				634B4A76295B153B00991EFE /* FF-Mark-Pro-Font-Family */,
				634C3295295306D400965231 /* demoShoppingApp */,
				634C3294295306D400965231 /* Products */,
			);
			sourceTree = "<group>";
		};
		634C3294295306D400965231 /* Products */ = {
			isa = PBXGroup;
			children = (
				634C3293295306D400965231 /* demoShoppingApp.app */,
			);
			name = Products;
			sourceTree = "<group>";
		};
		634C3295295306D400965231 /* demoShoppingApp */ = {
			isa = PBXGroup;
			children = (
				63472FB3295D9DEF0010D33B /* Networking */,
				634C3296295306D400965231 /* AppDelegate.swift */,
				634C3298295306D400965231 /* SceneDelegate.swift */,
				63DA0CAF295338EC0031824F /* Views */,
				63DA0CAC295335BE0031824F /* ViewControllers */,
				63DA0CA329532A3A0031824F /* Coordinators */,
				634C329F295306D400965231 /* Assets.xcassets */,
				634C32A1295306D400965231 /* LaunchScreen.storyboard */,
				634C32A4295306D400965231 /* Info.plist */,
			);
			path = demoShoppingApp;
			sourceTree = "<group>";
		};
		6387EB5D295C4B32008CE72F /* Customs&Extns */ = {
			isa = PBXGroup;
			children = (
				632B06D729584B3A00907102 /* RoundButtonLabel.swift */,
				63838EBE29558A3200EBB066 /* UIViewExtension.swift */,
				632B06D52958294300907102 /* RoundButton.swift */,
			);
			path = "Customs&Extns";
			sourceTree = "<group>";
		};
		63DA0CA329532A3A0031824F /* Coordinators */ = {
			isa = PBXGroup;
			children = (
				63DA0CA129532A2F0031824F /* Coordinator.swift */,
				63DA0CAA29532DA90031824F /* MainCoordinator.swift */,
			);
			path = Coordinators;
			sourceTree = "<group>";
		};
		63DA0CAC295335BE0031824F /* ViewControllers */ = {
			isa = PBXGroup;
			children = (
				63DA0CA829532D540031824F /* MainViewController.swift */,
				6386CF832966BBD50081FA88 /* FavesViewController.swift */,
				630AC04929680F4A0054A049 /* ProductDetailsController.swift */,
				6386CF852966BBF10081FA88 /* DetailsController.swift */,
			);
			path = ViewControllers;
			sourceTree = "<group>";
		};
		63DA0CAF295338EC0031824F /* Views */ = {
			isa = PBXGroup;
			children = (
				630AC04B29680FA10054A049 /* ProductDetailsViews */,
				630AC04829680A600054A049 /* MainScreenSubViews */,
				6387EB5D295C4B32008CE72F /* Customs&Extns */,
			);
			path = Views;
			sourceTree = "<group>";
		};
/* End PBXGroup section */

/* Begin PBXNativeTarget section */
		634C3292295306D400965231 /* demoShoppingApp */ = {
			isa = PBXNativeTarget;
			buildConfigurationList = 634C32A7295306D400965231 /* Build configuration list for PBXNativeTarget "demoShoppingApp" */;
			buildPhases = (
				634C328F295306D400965231 /* Sources */,
				634C3290295306D400965231 /* Frameworks */,
				634C3291295306D400965231 /* Resources */,
			);
			buildRules = (
			);
			dependencies = (
			);
			name = demoShoppingApp;
			productName = demoShoppingApp;
			productReference = 634C3293295306D400965231 /* demoShoppingApp.app */;
			productType = "com.apple.product-type.application";
		};
/* End PBXNativeTarget section */

/* Begin PBXProject section */
		634C328B295306D400965231 /* Project object */ = {
			isa = PBXProject;
			attributes = {
				BuildIndependentTargetsInParallel = 1;
				LastSwiftUpdateCheck = 1340;
				LastUpgradeCheck = 1340;
				TargetAttributes = {
					634C3292295306D400965231 = {
						CreatedOnToolsVersion = 13.4.1;
					};
				};
			};
			buildConfigurationList = 634C328E295306D400965231 /* Build configuration list for PBXProject "demoShoppingApp" */;
			compatibilityVersion = "Xcode 13.0";
			developmentRegion = en;
			hasScannedForEncodings = 0;
			knownRegions = (
				en,
				Base,
			);
			mainGroup = 634C328A295306D400965231;
			productRefGroup = 634C3294295306D400965231 /* Products */;
			projectDirPath = "";
			projectRoot = "";
			targets = (
				634C3292295306D400965231 /* demoShoppingApp */,
			);
		};
/* End PBXProject section */

/* Begin PBXResourcesBuildPhase section */
		634C3291295306D400965231 /* Resources */ = {
			isa = PBXResourcesBuildPhase;
			buildActionMask = 2147483647;
			files = (
				634B4A7B295B153B00991EFE /* MarkPro-Bold.otf in Resources */,
				634B4A7E295B153B00991EFE /* MarkPro-Regular.otf in Resources */,
				634C32A3295306D400965231 /* LaunchScreen.storyboard in Resources */,
				634B4A7C295B153B00991EFE /* MarkPro-Heavy.otf in Resources */,
				634C32A0295306D400965231 /* Assets.xcassets in Resources */,
				634B4A7D295B153B00991EFE /* MarkPro-Medium.otf in Resources */,
			);
			runOnlyForDeploymentPostprocessing = 0;
		};
/* End PBXResourcesBuildPhase section */

/* Begin PBXSourcesBuildPhase section */
		634C328F295306D400965231 /* Sources */ = {
			isa = PBXSourcesBuildPhase;
			buildActionMask = 2147483647;
			files = (
				6387EB5B295C417F008CE72F /* HotSalesTableViewCell.swift in Sources */,
				63476C692962EBAD0022841C /* BestSellerTableCell.swift in Sources */,
				63838EBF29558A3200EBB066 /* UIViewExtension.swift in Sources */,
				6386CF8C2966CEAF0081FA88 /* BarView.swift in Sources */,
				63DA0CA929532D540031824F /* MainViewController.swift in Sources */,
				630AC0512968110A0054A049 /* ProductDetailsView.swift in Sources */,
				632F2C3A29655EFF006C1B34 /* FilterTable.swift in Sources */,
				63472FB7295DA0EC0010D33B /* HotSalesCollectionCell.swift in Sources */,
				63DA0CA229532A2F0031824F /* Coordinator.swift in Sources */,
				632F2C3C29655F0F006C1B34 /* FilterTableViewCell.swift in Sources */,
				630AC04A29680F4A0054A049 /* ProductDetailsController.swift in Sources */,
				6386CF862966BBF10081FA88 /* DetailsController.swift in Sources */,
				632F2C3E29655F53006C1B34 /* FilterHeader.swift in Sources */,
				632B06D62958294300907102 /* RoundButton.swift in Sources */,
				634C3297295306D400965231 /* AppDelegate.swift in Sources */,
				6386CF842966BBD50081FA88 /* FavesViewController.swift in Sources */,
				630AC04D29680FDA0054A049 /* DetailsImageCell.swift in Sources */,
				63472FB5295D9DFF0010D33B /* Model.swift in Sources */,
				63472FB9295DC31E0010D33B /* NetworkService.swift in Sources */,
				63DA0CAB29532DA90031824F /* MainCoordinator.swift in Sources */,
				6314377E29695CE600676A47 /* DetailsBigStack.swift in Sources */,
				63A44D4B296402F500709A65 /* BestSellerCollectionCell.swift in Sources */,
				632B06D829584B3B00907102 /* RoundButtonLabel.swift in Sources */,
				63838EBD2955877A00EBB066 /* SelectCategoryView.swift in Sources */,
				634C3299295306D400965231 /* SceneDelegate.swift in Sources */,
			);
			runOnlyForDeploymentPostprocessing = 0;
		};
/* End PBXSourcesBuildPhase section */

/* Begin PBXVariantGroup section */
		634C32A1295306D400965231 /* LaunchScreen.storyboard */ = {
			isa = PBXVariantGroup;
			children = (
				634C32A2295306D400965231 /* Base */,
			);
			name = LaunchScreen.storyboard;
			sourceTree = "<group>";
		};
/* End PBXVariantGroup section */

/* Begin XCBuildConfiguration section */
		634C32A5295306D400965231 /* Debug */ = {
			isa = XCBuildConfiguration;
			buildSettings = {
				ALWAYS_SEARCH_USER_PATHS = NO;
				CLANG_ANALYZER_NONNULL = YES;
				CLANG_ANALYZER_NUMBER_OBJECT_CONVERSION = YES_AGGRESSIVE;
				CLANG_CXX_LANGUAGE_STANDARD = "gnu++17";
				CLANG_ENABLE_MODULES = YES;
				CLANG_ENABLE_OBJC_ARC = YES;
				CLANG_ENABLE_OBJC_WEAK = YES;
				CLANG_WARN_BLOCK_CAPTURE_AUTORELEASING = YES;
				CLANG_WARN_BOOL_CONVERSION = YES;
				CLANG_WARN_COMMA = YES;
				CLANG_WARN_CONSTANT_CONVERSION = YES;
				CLANG_WARN_DEPRECATED_OBJC_IMPLEMENTATIONS = YES;
				CLANG_WARN_DIRECT_OBJC_ISA_USAGE = YES_ERROR;
				CLANG_WARN_DOCUMENTATION_COMMENTS = YES;
				CLANG_WARN_EMPTY_BODY = YES;
				CLANG_WARN_ENUM_CONVERSION = YES;
				CLANG_WARN_INFINITE_RECURSION = YES;
				CLANG_WARN_INT_CONVERSION = YES;
				CLANG_WARN_NON_LITERAL_NULL_CONVERSION = YES;
				CLANG_WARN_OBJC_IMPLICIT_RETAIN_SELF = YES;
				CLANG_WARN_OBJC_LITERAL_CONVERSION = YES;
				CLANG_WARN_OBJC_ROOT_CLASS = YES_ERROR;
				CLANG_WARN_QUOTED_INCLUDE_IN_FRAMEWORK_HEADER = YES;
				CLANG_WARN_RANGE_LOOP_ANALYSIS = YES;
				CLANG_WARN_STRICT_PROTOTYPES = YES;
				CLANG_WARN_SUSPICIOUS_MOVE = YES;
				CLANG_WARN_UNGUARDED_AVAILABILITY = YES_AGGRESSIVE;
				CLANG_WARN_UNREACHABLE_CODE = YES;
				CLANG_WARN__DUPLICATE_METHOD_MATCH = YES;
				COPY_PHASE_STRIP = NO;
				DEBUG_INFORMATION_FORMAT = dwarf;
				ENABLE_STRICT_OBJC_MSGSEND = YES;
				ENABLE_TESTABILITY = YES;
				GCC_C_LANGUAGE_STANDARD = gnu11;
				GCC_DYNAMIC_NO_PIC = NO;
				GCC_NO_COMMON_BLOCKS = YES;
				GCC_OPTIMIZATION_LEVEL = 0;
				GCC_PREPROCESSOR_DEFINITIONS = (
					"DEBUG=1",
					"$(inherited)",
				);
				GCC_WARN_64_TO_32_BIT_CONVERSION = YES;
				GCC_WARN_ABOUT_RETURN_TYPE = YES_ERROR;
				GCC_WARN_UNDECLARED_SELECTOR = YES;
				GCC_WARN_UNINITIALIZED_AUTOS = YES_AGGRESSIVE;
				GCC_WARN_UNUSED_FUNCTION = YES;
				GCC_WARN_UNUSED_VARIABLE = YES;
				IPHONEOS_DEPLOYMENT_TARGET = 15.5;
				MTL_ENABLE_DEBUG_INFO = INCLUDE_SOURCE;
				MTL_FAST_MATH = YES;
				ONLY_ACTIVE_ARCH = YES;
				SDKROOT = iphoneos;
				SWIFT_ACTIVE_COMPILATION_CONDITIONS = DEBUG;
				SWIFT_OPTIMIZATION_LEVEL = "-Onone";
			};
			name = Debug;
		};
		634C32A6295306D400965231 /* Release */ = {
			isa = XCBuildConfiguration;
			buildSettings = {
				ALWAYS_SEARCH_USER_PATHS = NO;
				CLANG_ANALYZER_NONNULL = YES;
				CLANG_ANALYZER_NUMBER_OBJECT_CONVERSION = YES_AGGRESSIVE;
				CLANG_CXX_LANGUAGE_STANDARD = "gnu++17";
				CLANG_ENABLE_MODULES = YES;
				CLANG_ENABLE_OBJC_ARC = YES;
				CLANG_ENABLE_OBJC_WEAK = YES;
				CLANG_WARN_BLOCK_CAPTURE_AUTORELEASING = YES;
				CLANG_WARN_BOOL_CONVERSION = YES;
				CLANG_WARN_COMMA = YES;
				CLANG_WARN_CONSTANT_CONVERSION = YES;
				CLANG_WARN_DEPRECATED_OBJC_IMPLEMENTATIONS = YES;
				CLANG_WARN_DIRECT_OBJC_ISA_USAGE = YES_ERROR;
				CLANG_WARN_DOCUMENTATION_COMMENTS = YES;
				CLANG_WARN_EMPTY_BODY = YES;
				CLANG_WARN_ENUM_CONVERSION = YES;
				CLANG_WARN_INFINITE_RECURSION = YES;
				CLANG_WARN_INT_CONVERSION = YES;
				CLANG_WARN_NON_LITERAL_NULL_CONVERSION = YES;
				CLANG_WARN_OBJC_IMPLICIT_RETAIN_SELF = YES;
				CLANG_WARN_OBJC_LITERAL_CONVERSION = YES;
				CLANG_WARN_OBJC_ROOT_CLASS = YES_ERROR;
				CLANG_WARN_QUOTED_INCLUDE_IN_FRAMEWORK_HEADER = YES;
				CLANG_WARN_RANGE_LOOP_ANALYSIS = YES;
				CLANG_WARN_STRICT_PROTOTYPES = YES;
				CLANG_WARN_SUSPICIOUS_MOVE = YES;
				CLANG_WARN_UNGUARDED_AVAILABILITY = YES_AGGRESSIVE;
				CLANG_WARN_UNREACHABLE_CODE = YES;
				CLANG_WARN__DUPLICATE_METHOD_MATCH = YES;
				COPY_PHASE_STRIP = NO;
				DEBUG_INFORMATION_FORMAT = "dwarf-with-dsym";
				ENABLE_NS_ASSERTIONS = NO;
				ENABLE_STRICT_OBJC_MSGSEND = YES;
				GCC_C_LANGUAGE_STANDARD = gnu11;
				GCC_NO_COMMON_BLOCKS = YES;
				GCC_WARN_64_TO_32_BIT_CONVERSION = YES;
				GCC_WARN_ABOUT_RETURN_TYPE = YES_ERROR;
				GCC_WARN_UNDECLARED_SELECTOR = YES;
				GCC_WARN_UNINITIALIZED_AUTOS = YES_AGGRESSIVE;
				GCC_WARN_UNUSED_FUNCTION = YES;
				GCC_WARN_UNUSED_VARIABLE = YES;
				IPHONEOS_DEPLOYMENT_TARGET = 15.5;
				MTL_ENABLE_DEBUG_INFO = NO;
				MTL_FAST_MATH = YES;
				SDKROOT = iphoneos;
				SWIFT_COMPILATION_MODE = wholemodule;
				SWIFT_OPTIMIZATION_LEVEL = "-O";
				VALIDATE_PRODUCT = YES;
			};
			name = Release;
		};
		634C32A8295306D400965231 /* Debug */ = {
			isa = XCBuildConfiguration;
			buildSettings = {
				ASSETCATALOG_COMPILER_APPICON_NAME = AppIcon;
				ASSETCATALOG_COMPILER_GLOBAL_ACCENT_COLOR_NAME = AccentColor;
				CODE_SIGN_STYLE = Automatic;
				CURRENT_PROJECT_VERSION = 1;
				DEVELOPMENT_TEAM = K38NVY9D5B;
				GENERATE_INFOPLIST_FILE = YES;
				INFOPLIST_FILE = demoShoppingApp/Info.plist;
				INFOPLIST_KEY_UIApplicationSupportsIndirectInputEvents = YES;
				INFOPLIST_KEY_UILaunchStoryboardName = LaunchScreen;
				INFOPLIST_KEY_UISupportedInterfaceOrientations_iPad = "UIInterfaceOrientationPortrait UIInterfaceOrientationPortraitUpsideDown UIInterfaceOrientationLandscapeLeft UIInterfaceOrientationLandscapeRight";
				INFOPLIST_KEY_UISupportedInterfaceOrientations_iPhone = "UIInterfaceOrientationPortrait UIInterfaceOrientationLandscapeLeft UIInterfaceOrientationLandscapeRight";
				LD_RUNPATH_SEARCH_PATHS = (
					"$(inherited)",
					"@executable_path/Frameworks",
				);
				MARKETING_VERSION = 1.0;
				PRODUCT_BUNDLE_IDENTIFIER = MarkPushkar.demoShoppingApp;
				PRODUCT_NAME = "$(TARGET_NAME)";
				SWIFT_EMIT_LOC_STRINGS = YES;
				SWIFT_VERSION = 5.0;
				TARGETED_DEVICE_FAMILY = "1,2";
			};
			name = Debug;
		};
		634C32A9295306D400965231 /* Release */ = {
			isa = XCBuildConfiguration;
			buildSettings = {
				ASSETCATALOG_COMPILER_APPICON_NAME = AppIcon;
				ASSETCATALOG_COMPILER_GLOBAL_ACCENT_COLOR_NAME = AccentColor;
				CODE_SIGN_STYLE = Automatic;
				CURRENT_PROJECT_VERSION = 1;
				DEVELOPMENT_TEAM = K38NVY9D5B;
				GENERATE_INFOPLIST_FILE = YES;
				INFOPLIST_FILE = demoShoppingApp/Info.plist;
				INFOPLIST_KEY_UIApplicationSupportsIndirectInputEvents = YES;
				INFOPLIST_KEY_UILaunchStoryboardName = LaunchScreen;
				INFOPLIST_KEY_UISupportedInterfaceOrientations_iPad = "UIInterfaceOrientationPortrait UIInterfaceOrientationPortraitUpsideDown UIInterfaceOrientationLandscapeLeft UIInterfaceOrientationLandscapeRight";
				INFOPLIST_KEY_UISupportedInterfaceOrientations_iPhone = "UIInterfaceOrientationPortrait UIInterfaceOrientationLandscapeLeft UIInterfaceOrientationLandscapeRight";
				LD_RUNPATH_SEARCH_PATHS = (
					"$(inherited)",
					"@executable_path/Frameworks",
				);
				MARKETING_VERSION = 1.0;
				PRODUCT_BUNDLE_IDENTIFIER = MarkPushkar.demoShoppingApp;
				PRODUCT_NAME = "$(TARGET_NAME)";
				SWIFT_EMIT_LOC_STRINGS = YES;
				SWIFT_VERSION = 5.0;
				TARGETED_DEVICE_FAMILY = "1,2";
			};
			name = Release;
		};
/* End XCBuildConfiguration section */

/* Begin XCConfigurationList section */
		634C328E295306D400965231 /* Build configuration list for PBXProject "demoShoppingApp" */ = {
			isa = XCConfigurationList;
			buildConfigurations = (
				634C32A5295306D400965231 /* Debug */,
				634C32A6295306D400965231 /* Release */,
			);
			defaultConfigurationIsVisible = 0;
			defaultConfigurationName = Release;
		};
		634C32A7295306D400965231 /* Build configuration list for PBXNativeTarget "demoShoppingApp" */ = {
			isa = XCConfigurationList;
			buildConfigurations = (
				634C32A8295306D400965231 /* Debug */,
				634C32A9295306D400965231 /* Release */,
			);
			defaultConfigurationIsVisible = 0;
			defaultConfigurationName = Release;
		};
/* End XCConfigurationList section */
	};
	rootObject = 634C328B295306D400965231 /* Project object */;
}
